
Microsoft Visual Studio Solution File, Format Version 12.00
# Visual Studio Version 16
VisualStudioVersion = 16.0.29306.81
MinimumVisualStudioVersion = 10.0.40219.1
Project("{9A19103F-16F7-4668-BE54-9A1E7A4F7556}") = "Api", "Api.csproj", "{F7967BBF-B4A4-42BB-80ED-42AE935E9E32}"
EndProject
Global
	GlobalSection(SolutionConfigurationPlatforms) = preSolution
		Debug|Any CPU = Debug|Any CPU
		Release|Any CPU = Release|Any CPU
	EndGlobalSection
	GlobalSection(ProjectConfigurationPlatforms) = postSolution
		{F7967BBF-B4A4-42BB-80ED-42AE935E9E32}.Debug|Any CPU.ActiveCfg = Debug|Any CPU
		{F7967BBF-B4A4-42BB-80ED-42AE935E9E32}.Debug|Any CPU.Build.0 = Debug|Any CPU
		{F7967BBF-B4A4-42BB-80ED-42AE935E9E32}.Release|Any CPU.ActiveCfg = Release|Any CPU
		{F7967BBF-B4A4-42BB-80ED-42AE935E9E32}.Release|Any CPU.Build.0 = Release|Any CPU
	EndGlobalSection
	GlobalSection(SolutionProperties) = preSolution
		HideSolutionNode = FALSE
	EndGlobalSection
	GlobalSection(ExtensibilityGlobals) = postSolution
		SolutionGuid = {AED31074-19CD-4F06-B935-B33C3673F0A7}
	EndGlobalSection
EndGlobal
